
Microsoft Visual Studio Solution File, Format Version 12.00
# Visual Studio Version 17
VisualStudioVersion = 17.9.34622.214
MinimumVisualStudioVersion = 10.0.40219.1
Project("{FAE04EC0-301F-11D3-BF4B-00C04F79EFBC}") = "HeroGame", "HeroGame\HeroGame.csproj", "{901EA163-C697-47A9-8224-903C0E5344B2}"
EndProject
Global
	GlobalSection(SolutionConfigurationPlatforms) = preSolution
		Debug|Any CPU = Debug|Any CPU
		Release|Any CPU = Release|Any CPU
	EndGlobalSection
	GlobalSection(ProjectConfigurationPlatforms) = postSolution
		{901EA163-C697-47A9-8224-903C0E5344B2}.Debug|Any CPU.ActiveCfg = Debug|Any CPU
		{901EA163-C697-47A9-8224-903C0E5344B2}.Debug|Any CPU.Build.0 = Debug|Any CPU
		{901EA163-C697-47A9-8224-903C0E5344B2}.Release|Any CPU.ActiveCfg = Release|Any CPU
		{901EA163-C697-47A9-8224-903C0E5344B2}.Release|Any CPU.Build.0 = Release|Any CPU
	EndGlobalSection
	GlobalSection(SolutionProperties) = preSolution
		HideSolutionNode = FALSE
	EndGlobalSection
	GlobalSection(ExtensibilityGlobals) = postSolution
		SolutionGuid = {179ED284-9E61-47DF-B48A-94F8FD54A042}
	EndGlobalSection
EndGlobal
